
Microsoft Visual Studio Solution File, Format Version 12.00
# Visual Studio Version 16
VisualStudioVersion = 16.0.29709.97
MinimumVisualStudioVersion = 10.0.40219.1
Project("{FAE04EC0-301F-11D3-BF4B-00C04F79EFBC}") = "2 zadanie", "2 zadanie.csproj", "{60B7A299-8D91-4B75-B46B-1454428C7912}"
EndProject
Global
	GlobalSection(SolutionConfigurationPlatforms) = preSolution
		Debug|Any CPU = Debug|Any CPU
		Release|Any CPU = Release|Any CPU
	EndGlobalSection
	GlobalSection(ProjectConfigurationPlatforms) = postSolution
		{60B7A299-8D91-4B75-B46B-1454428C7912}.Debug|Any CPU.ActiveCfg = Debug|Any CPU
		{60B7A299-8D91-4B75-B46B-1454428C7912}.Debug|Any CPU.Build.0 = Debug|Any CPU
		{60B7A299-8D91-4B75-B46B-1454428C7912}.Release|Any CPU.ActiveCfg = Release|Any CPU
		{60B7A299-8D91-4B75-B46B-1454428C7912}.Release|Any CPU.Build.0 = Release|Any CPU
	EndGlobalSection
	GlobalSection(SolutionProperties) = preSolution
		HideSolutionNode = FALSE
	EndGlobalSection
	GlobalSection(ExtensibilityGlobals) = postSolution
		SolutionGuid = {FF01072E-3586-48BB-B4FC-5E2746188C2D}
	EndGlobalSection
EndGlobal
